
Microsoft Visual Studio Solution File, Format Version 12.00
# Visual Studio Version 16
VisualStudioVersion = 16.0.29102.190
MinimumVisualStudioVersion = 10.0.40219.1
Project("{9A19103F-16F7-4668-BE54-9A1E7A4F7556}") = "CLickDemo", "CLickDemo\CLickDemo.csproj", "{1D83B523-10F2-41F8-95BC-0B5CC754BAE4}"
EndProject
Global
	GlobalSection(SolutionConfigurationPlatforms) = preSolution
		Debug|Any CPU = Debug|Any CPU
		Release|Any CPU = Release|Any CPU
	EndGlobalSection
	GlobalSection(ProjectConfigurationPlatforms) = postSolution
		{1D83B523-10F2-41F8-95BC-0B5CC754BAE4}.Debug|Any CPU.ActiveCfg = Debug|Any CPU
		{1D83B523-10F2-41F8-95BC-0B5CC754BAE4}.Debug|Any CPU.Build.0 = Debug|Any CPU
		{1D83B523-10F2-41F8-95BC-0B5CC754BAE4}.Release|Any CPU.ActiveCfg = Release|Any CPU
		{1D83B523-10F2-41F8-95BC-0B5CC754BAE4}.Release|Any CPU.Build.0 = Release|Any CPU
	EndGlobalSection
	GlobalSection(SolutionProperties) = preSolution
		HideSolutionNode = FALSE
	EndGlobalSection
	GlobalSection(ExtensibilityGlobals) = postSolution
		SolutionGuid = {618799F3-31AF-4928-B0EC-8041DE855D9F}
	EndGlobalSection
EndGlobal
